
Microsoft Visual Studio Solution File, Format Version 12.00
# Visual Studio Version 16
VisualStudioVersion = 16.0.29613.14
MinimumVisualStudioVersion = 10.0.40219.1
Project("{FAE04EC0-301F-11D3-BF4B-00C04F79EFBC}") = "SistemaOrcamento", "SistemaOrcamento\SistemaOrcamento.csproj", "{03018BFF-E579-4402-8064-0D4A21C9F2CC}"
EndProject
Global
	GlobalSection(SolutionConfigurationPlatforms) = preSolution
		Debug|Any CPU = Debug|Any CPU
		Release|Any CPU = Release|Any CPU
	EndGlobalSection
	GlobalSection(ProjectConfigurationPlatforms) = postSolution
		{03018BFF-E579-4402-8064-0D4A21C9F2CC}.Debug|Any CPU.ActiveCfg = Debug|Any CPU
		{03018BFF-E579-4402-8064-0D4A21C9F2CC}.Debug|Any CPU.Build.0 = Debug|Any CPU
		{03018BFF-E579-4402-8064-0D4A21C9F2CC}.Release|Any CPU.ActiveCfg = Release|Any CPU
		{03018BFF-E579-4402-8064-0D4A21C9F2CC}.Release|Any CPU.Build.0 = Release|Any CPU
	EndGlobalSection
	GlobalSection(SolutionProperties) = preSolution
		HideSolutionNode = FALSE
	EndGlobalSection
	GlobalSection(ExtensibilityGlobals) = postSolution
		SolutionGuid = {113DC1EC-8CF3-4F18-9E52-52CE6542DC31}
	EndGlobalSection
EndGlobal
